module.alb.module.alb.data.aws_partition.current: Reading...
module.alb.module.alb.data.aws_partition.current: Read complete after 0s [id=aws]

Terraform used the selected providers to generate the following execution
plan. Resource actions are indicated with the following symbols:
  + create

Terraform will perform the following actions:

  # module.ecr.aws_ecr_repository.this will be created
  + resource "aws_ecr_repository" "this" {
      + arn                  = (known after apply)
      + id                   = (known after apply)
      + image_tag_mutability = "MUTABLE"
      + name                 = "aws-service-liblib-digital-hall-dev"
      + registry_id          = (known after apply)
      + repository_url       = (known after apply)
      + tags_all             = {
          + "CostCenter"  = "App-Development"
          + "Environment" = "Development"
          + "ManagedBy"   = "Terraform"
          + "Owner"       = "nour1985"
          + "Project"     = "DigitalHall"
          + "Service"     = "NextJS-Portal"
        }

      + image_scanning_configuration {
          + scan_on_push = true
        }
    }

  # module.ecs_cluster.aws_ecs_cluster.this will be created
  + resource "aws_ecs_cluster" "this" {
      + arn      = (known after apply)
      + id       = (known after apply)
      + name     = "aws-service-liblib-dev-cluster"
      + tags_all = {
          + "CostCenter"  = "App-Development"
          + "Environment" = "Development"
          + "ManagedBy"   = "Terraform"
          + "Owner"       = "nour1985"
          + "Project"     = "DigitalHall"
          + "Service"     = "NextJS-Portal"
        }

      + setting {
          + name  = "containerInsights"
          + value = "enabled"
        }
    }

  # module.ecs_cluster.aws_ecs_cluster_capacity_providers.this will be created
  + resource "aws_ecs_cluster_capacity_providers" "this" {
      + capacity_providers = [
          + "FARGATE",
          + "FARGATE_SPOT",
        ]
      + cluster_name       = "aws-service-liblib-dev-cluster"
      + id                 = (known after apply)

      + default_capacity_provider_strategy {
          + base              = 1
          + capacity_provider = "FARGATE_SPOT"
          + weight            = 100
        }
    }

  # module.fargate.aws_ecs_service.this will be created
  + resource "aws_ecs_service" "this" {
      + availability_zone_rebalancing      = "DISABLED"
      + cluster                            = (known after apply)
      + deployment_maximum_percent         = 200
      + deployment_minimum_healthy_percent = 100
      + desired_count                      = 1
      + enable_ecs_managed_tags            = false
      + enable_execute_command             = false
      + iam_role                           = (known after apply)
      + id                                 = (known after apply)
      + launch_type                        = "FARGATE"
      + name                               = "aws-service-liblib-app-dev"
      + platform_version                   = (known after apply)
      + scheduling_strategy                = "REPLICA"
      + tags_all                           = {
          + "CostCenter"  = "App-Development"
          + "Environment" = "Development"
          + "ManagedBy"   = "Terraform"
          + "Owner"       = "nour1985"
          + "Project"     = "DigitalHall"
          + "Service"     = "NextJS-Portal"
        }
      + task_definition                    = (known after apply)
      + triggers                           = (known after apply)
      + wait_for_steady_state              = false

      + load_balancer {
          + container_name   = "app"
          + container_port   = 80
          + target_group_arn = (known after apply)
            # (1 unchanged attribute hidden)
        }

      + network_configuration {
          + assign_public_ip = false
          + security_groups  = (known after apply)
          + subnets          = (known after apply)
        }
    }

  # module.fargate.aws_ecs_task_definition.this will be created
  + resource "aws_ecs_task_definition" "this" {
      + arn                      = (known after apply)
      + arn_without_revision     = (known after apply)
      + container_definitions    = jsonencode(
            [
              + {
                  + essential        = true
                  + image            = "nginx:latest"
                  + logConfiguration = {
                      + logDriver = "awslogs"
                      + options   = {
                          + awslogs-create-group  = "true"
                          + awslogs-group         = "/ecs/aws-service-liblib-app-dev"
                          + awslogs-region        = "us-east-1"
                          + awslogs-stream-prefix = "ecs"
                        }
                    }
                  + name             = "app"
                  + portMappings     = [
                      + {
                          + containerPort = 80
                          + hostPort      = 80
                          + protocol      = "tcp"
                        },
                    ]
                },
            ]
        )
      + cpu                      = "256"
      + enable_fault_injection   = (known after apply)
      + execution_role_arn       = (known after apply)
      + family                   = "aws-service-liblib-app-dev"
      + id                       = (known after apply)
      + memory                   = "512"
      + network_mode             = "awsvpc"
      + requires_compatibilities = [
          + "FARGATE",
        ]
      + revision                 = (known after apply)
      + skip_destroy             = false
      + tags_all                 = {
          + "CostCenter"  = "App-Development"
          + "Environment" = "Development"
          + "ManagedBy"   = "Terraform"
          + "Owner"       = "nour1985"
          + "Project"     = "DigitalHall"
          + "Service"     = "NextJS-Portal"
        }
      + track_latest             = false
    }

  # module.fargate.aws_security_group.this will be created
  + resource "aws_security_group" "this" {
      + arn                    = (known after apply)
      + description            = "Security group for Fargate service"
      + egress                 = [
          + {
              + cidr_blocks      = [
                  + "0.0.0.0/0",
                ]
              + from_port        = 0
              + ipv6_cidr_blocks = []
              + prefix_list_ids  = []
              + protocol         = "-1"
              + security_groups  = []
              + self             = false
              + to_port          = 0
                # (1 unchanged attribute hidden)
            },
        ]
      + id                     = (known after apply)
      + ingress                = [
          + {
              + cidr_blocks      = []
              + from_port        = 80
              + ipv6_cidr_blocks = []
              + prefix_list_ids  = []
              + protocol         = "tcp"
              + security_groups  = (known after apply)
              + self             = false
              + to_port          = 80
                # (1 unchanged attribute hidden)
            },
        ]
      + name                   = "aws-service-liblib-app-dev-sg"
      + name_prefix            = (known after apply)
      + owner_id               = (known after apply)
      + revoke_rules_on_delete = false
      + tags_all               = {
          + "CostCenter"  = "App-Development"
          + "Environment" = "Development"
          + "ManagedBy"   = "Terraform"
          + "Owner"       = "nour1985"
          + "Project"     = "DigitalHall"
          + "Service"     = "NextJS-Portal"
        }
      + vpc_id                 = (known after apply)
    }

  # module.iam.aws_iam_access_key.cli_user_key will be created
  + resource "aws_iam_access_key" "cli_user_key" {
      + create_date                    = (known after apply)
      + encrypted_secret               = (known after apply)
      + encrypted_ses_smtp_password_v4 = (known after apply)
      + id                             = (known after apply)
      + key_fingerprint                = (known after apply)
      + secret                         = (sensitive value)
      + ses_smtp_password_v4           = (sensitive value)
      + status                         = "Active"
      + user                           = "deployer"
    }

  # module.iam.aws_iam_role.ecs_execution_role will be created
  + resource "aws_iam_role" "ecs_execution_role" {
      + arn                   = (known after apply)
      + assume_role_policy    = jsonencode(
            {
              + Statement = [
                  + {
                      + Action    = "sts:AssumeRole"
                      + Effect    = "Allow"
                      + Principal = {
                          + Service = "ecs-tasks.amazonaws.com"
                        }
                    },
                ]
              + Version   = "2012-10-17"
            }
        )
      + create_date           = (known after apply)
      + force_detach_policies = false
      + id                    = (known after apply)
      + managed_policy_arns   = (known after apply)
      + max_session_duration  = 3600
      + name                  = "ecs-execution-role-deployer"
      + name_prefix           = (known after apply)
      + path                  = "/"
      + tags_all              = {
          + "CostCenter"  = "App-Development"
          + "Environment" = "Development"
          + "ManagedBy"   = "Terraform"
          + "Owner"       = "nour1985"
          + "Project"     = "DigitalHall"
          + "Service"     = "NextJS-Portal"
        }
      + unique_id             = (known after apply)

      + inline_policy (known after apply)
    }

  # module.iam.aws_iam_role_policy_attachment.ecs_execution_role_policy will be created
  + resource "aws_iam_role_policy_attachment" "ecs_execution_role_policy" {
      + id         = (known after apply)
      + policy_arn = "arn:aws:iam::aws:policy/service-role/AmazonECSTaskExecutionRolePolicy"
      + role       = "ecs-execution-role-deployer"
    }

  # module.iam.aws_iam_user.cli_user will be created
  + resource "aws_iam_user" "cli_user" {
      + arn           = (known after apply)
      + force_destroy = false
      + id            = (known after apply)
      + name          = "deployer"
      + path          = "/"
      + tags          = {
          + "Description" = "IAM user for CLI access"
        }
      + tags_all      = {
          + "CostCenter"  = "App-Development"
          + "Description" = "IAM user for CLI access"
          + "Environment" = "Development"
          + "ManagedBy"   = "Terraform"
          + "Owner"       = "nour1985"
          + "Project"     = "DigitalHall"
          + "Service"     = "NextJS-Portal"
        }
      + unique_id     = (known after apply)
    }

  # module.iam.aws_iam_user_policy_attachment.admin_access will be created
  + resource "aws_iam_user_policy_attachment" "admin_access" {
      + id         = (known after apply)
      + policy_arn = "arn:aws:iam::aws:policy/AdministratorAccess"
      + user       = "deployer"
    }

  # module.pipeline.aws_codepipeline.main will be created
  + resource "aws_codepipeline" "main" {
      + arn            = (known after apply)
      + execution_mode = "SUPERSEDED"
      + id             = (known after apply)
      + name           = "aws-service-liblib-dev-pipeline"
      + pipeline_type  = "V1"
      + role_arn       = (known after apply)
      + tags_all       = {
          + "CostCenter"  = "App-Development"
          + "Environment" = "Development"
          + "ManagedBy"   = "Terraform"
          + "Owner"       = "nour1985"
          + "Project"     = "DigitalHall"
          + "Service"     = "NextJS-Portal"
        }
      + trigger_all    = (known after apply)

      + artifact_store {
          + location = (known after apply)
          + type     = "S3"
            # (1 unchanged attribute hidden)
        }

      + stage {
          + name = "Source"

          + action {
              + category         = "Source"
              + configuration    = (known after apply)
              + name             = "Source"
              + output_artifacts = [
                  + "source_output",
                ]
              + owner            = "AWS"
              + provider         = "CodeStarSourceConnection"
              + region           = (known after apply)
              + run_order        = (known after apply)
              + version          = "1"
            }
        }
      + stage {
          + name = "Approval"

          + action {
              + category  = "Approval"
              + name      = "ManualApproval"
              + owner     = "AWS"
              + provider  = "Manual"
              + region    = (known after apply)
              + run_order = (known after apply)
              + version   = "1"
            }
        }
    }

  # module.pipeline.aws_codestarconnections_connection.github_conn will be created
  + resource "aws_codestarconnections_connection" "github_conn" {
      + arn               = (known after apply)
      + connection_status = (known after apply)
      + id                = (known after apply)
      + name              = "aws-service-liblib-dev-pipeline-conn"
      + provider_type     = "GitHub"
      + tags_all          = {
          + "CostCenter"  = "App-Development"
          + "Environment" = "Development"
          + "ManagedBy"   = "Terraform"
          + "Owner"       = "nour1985"
          + "Project"     = "DigitalHall"
          + "Service"     = "NextJS-Portal"
        }
    }

  # module.pipeline.aws_iam_role.codepipeline_role will be created
  + resource "aws_iam_role" "codepipeline_role" {
      + arn                   = (known after apply)
      + assume_role_policy    = jsonencode(
            {
              + Statement = [
                  + {
                      + Action    = "sts:AssumeRole"
                      + Effect    = "Allow"
                      + Principal = {
                          + Service = "codepipeline.amazonaws.com"
                        }
                    },
                ]
              + Version   = "2012-10-17"
            }
        )
      + create_date           = (known after apply)
      + force_detach_policies = false
      + id                    = (known after apply)
      + managed_policy_arns   = (known after apply)
      + max_session_duration  = 3600
      + name                  = "aws-service-liblib-dev-pipeline-role"
      + name_prefix           = (known after apply)
      + path                  = "/"
      + tags_all              = {
          + "CostCenter"  = "App-Development"
          + "Environment" = "Development"
          + "ManagedBy"   = "Terraform"
          + "Owner"       = "nour1985"
          + "Project"     = "DigitalHall"
          + "Service"     = "NextJS-Portal"
        }
      + unique_id             = (known after apply)

      + inline_policy (known after apply)
    }

  # module.pipeline.aws_iam_role_policy.codepipeline_policy will be created
  + resource "aws_iam_role_policy" "codepipeline_policy" {
      + id          = (known after apply)
      + name        = "aws-service-liblib-dev-pipeline-policy"
      + name_prefix = (known after apply)
      + policy      = (known after apply)
      + role        = (known after apply)
    }

  # module.pipeline.aws_s3_bucket.pipeline_bucket will be created
  + resource "aws_s3_bucket" "pipeline_bucket" {
      + acceleration_status         = (known after apply)
      + acl                         = (known after apply)
      + arn                         = (known after apply)
      + bucket                      = (known after apply)
      + bucket_domain_name          = (known after apply)
      + bucket_prefix               = "liblib-pl-art-"
      + bucket_regional_domain_name = (known after apply)
      + force_destroy               = true
      + hosted_zone_id              = (known after apply)
      + id                          = (known after apply)
      + object_lock_enabled         = (known after apply)
      + policy                      = (known after apply)
      + region                      = (known after apply)
      + request_payer               = (known after apply)
      + tags_all                    = {
          + "CostCenter"  = "App-Development"
          + "Environment" = "Development"
          + "ManagedBy"   = "Terraform"
          + "Owner"       = "nour1985"
          + "Project"     = "DigitalHall"
          + "Service"     = "NextJS-Portal"
        }
      + website_domain              = (known after apply)
      + website_endpoint            = (known after apply)

      + cors_rule (known after apply)

      + grant (known after apply)

      + lifecycle_rule (known after apply)

      + logging (known after apply)

      + object_lock_configuration (known after apply)

      + replication_configuration (known after apply)

      + server_side_encryption_configuration (known after apply)

      + versioning (known after apply)

      + website (known after apply)
    }

  # module.resource_group.aws_resourcegroups_group.this will be created
  + resource "aws_resourcegroups_group" "this" {
      + arn      = (known after apply)
      + id       = (known after apply)
      + name     = "service-liblib-dev-group"
      + tags     = {
          + "Environment" = "Development"
          + "Name"        = "service-liblib-dev-group"
          + "Project"     = "DigitalHall"
        }
      + tags_all = {
          + "CostCenter"  = "App-Development"
          + "Environment" = "Development"
          + "ManagedBy"   = "Terraform"
          + "Name"        = "service-liblib-dev-group"
          + "Owner"       = "nour1985"
          + "Project"     = "DigitalHall"
          + "Service"     = "NextJS-Portal"
        }

      + resource_query {
          + query = jsonencode(
                {
                  + ResourceTypeFilters = [
                      + "AWS::AllSupported",
                    ]
                  + TagFilters          = [
                      + {
                          + Key    = "Project"
                          + Values = [
                              + "DigitalHall",
                            ]
                        },
                      + {
                          + Key    = "Environment"
                          + Values = [
                              + "Development",
                            ]
                        },
                    ]
                }
            )
          + type  = "TAG_FILTERS_1_0"
        }
    }

  # module.alb.module.alb.aws_lb.this[0] will be created
  + resource "aws_lb" "this" {
      + arn                                                          = (known after apply)
      + arn_suffix                                                   = (known after apply)
      + client_keep_alive                                            = 3600
      + desync_mitigation_mode                                       = "defensive"
      + dns_name                                                     = (known after apply)
      + drop_invalid_header_fields                                   = true
      + enable_deletion_protection                                   = true
      + enable_http2                                                 = true
      + enable_tls_version_and_cipher_suite_headers                  = false
      + enable_waf_fail_open                                         = false
      + enable_xff_client_port                                       = false
      + enable_zonal_shift                                           = false
      + enforce_security_group_inbound_rules_on_private_link_traffic = (known after apply)
      + id                                                           = (known after apply)
      + idle_timeout                                                 = 60
      + internal                                                     = false
      + ip_address_type                                              = (known after apply)
      + load_balancer_type                                           = "application"
      + name                                                         = "aws-service-liblib-dev-alb"
      + name_prefix                                                  = (known after apply)
      + preserve_host_header                                         = false
      + security_groups                                              = (known after apply)
      + subnets                                                      = (known after apply)
      + tags                                                         = {
          + "terraform-aws-modules" = "alb"
        }
      + tags_all                                                     = {
          + "CostCenter"            = "App-Development"
          + "Environment"           = "Development"
          + "ManagedBy"             = "Terraform"
          + "Owner"                 = "nour1985"
          + "Project"               = "DigitalHall"
          + "Service"               = "NextJS-Portal"
          + "terraform-aws-modules" = "alb"
        }
      + vpc_id                                                       = (known after apply)
      + xff_header_processing_mode                                   = "append"
      + zone_id                                                      = (known after apply)

      + subnet_mapping (known after apply)

      + timeouts {}
    }

  # module.alb.module.alb.aws_lb_listener.this["http"] will be created
  + resource "aws_lb_listener" "this" {
      + arn                                                                   = (known after apply)
      + id                                                                    = (known after apply)
      + load_balancer_arn                                                     = (known after apply)
      + port                                                                  = 80
      + protocol                                                              = "HTTP"
      + routing_http_request_x_amzn_mtls_clientcert_header_name               = (known after apply)
      + routing_http_request_x_amzn_mtls_clientcert_issuer_header_name        = (known after apply)
      + routing_http_request_x_amzn_mtls_clientcert_leaf_header_name          = (known after apply)
      + routing_http_request_x_amzn_mtls_clientcert_serial_number_header_name = (known after apply)
      + routing_http_request_x_amzn_mtls_clientcert_subject_header_name       = (known after apply)
      + routing_http_request_x_amzn_mtls_clientcert_validity_header_name      = (known after apply)
      + routing_http_request_x_amzn_tls_cipher_suite_header_name              = (known after apply)
      + routing_http_request_x_amzn_tls_version_header_name                   = (known after apply)
      + routing_http_response_access_control_allow_credentials_header_value   = (known after apply)
      + routing_http_response_access_control_allow_headers_header_value       = (known after apply)
      + routing_http_response_access_control_allow_methods_header_value       = (known after apply)
      + routing_http_response_access_control_allow_origin_header_value        = (known after apply)
      + routing_http_response_access_control_expose_headers_header_value      = (known after apply)
      + routing_http_response_access_control_max_age_header_value             = (known after apply)
      + routing_http_response_content_security_policy_header_value            = (known after apply)
      + routing_http_response_server_enabled                                  = (known after apply)
      + routing_http_response_strict_transport_security_header_value          = (known after apply)
      + routing_http_response_x_content_type_options_header_value             = (known after apply)
      + routing_http_response_x_frame_options_header_value                    = (known after apply)
      + ssl_policy                                                            = (known after apply)
      + tags                                                                  = {
          + "terraform-aws-modules" = "alb"
        }
      + tags_all                                                              = {
          + "CostCenter"            = "App-Development"
          + "Environment"           = "Development"
          + "ManagedBy"             = "Terraform"
          + "Owner"                 = "nour1985"
          + "Project"               = "DigitalHall"
          + "Service"               = "NextJS-Portal"
          + "terraform-aws-modules" = "alb"
        }
      + tcp_idle_timeout_seconds                                              = (known after apply)

      + default_action {
          + order            = (known after apply)
          + target_group_arn = (known after apply)
          + type             = "forward"
        }

      + mutual_authentication (known after apply)
    }

  # module.alb.module.alb.aws_lb_target_group.this["default-target-group"] will be created
  + resource "aws_lb_target_group" "this" {
      + arn                                = (known after apply)
      + arn_suffix                         = (known after apply)
      + connection_termination             = (known after apply)
      + deregistration_delay               = "300"
      + id                                 = (known after apply)
      + ip_address_type                    = (known after apply)
      + lambda_multi_value_headers_enabled = false
      + load_balancer_arns                 = (known after apply)
      + load_balancing_algorithm_type      = (known after apply)
      + load_balancing_anomaly_mitigation  = (known after apply)
      + load_balancing_cross_zone_enabled  = (known after apply)
      + name                               = (known after apply)
      + name_prefix                        = "h1"
      + port                               = 80
      + preserve_client_ip                 = (known after apply)
      + protocol                           = "HTTP"
      + protocol_version                   = (known after apply)
      + proxy_protocol_v2                  = false
      + slow_start                         = 0
      + tags                               = {
          + "terraform-aws-modules" = "alb"
        }
      + tags_all                           = {
          + "CostCenter"            = "App-Development"
          + "Environment"           = "Development"
          + "ManagedBy"             = "Terraform"
          + "Owner"                 = "nour1985"
          + "Project"               = "DigitalHall"
          + "Service"               = "NextJS-Portal"
          + "terraform-aws-modules" = "alb"
        }
      + target_type                        = "ip"
      + vpc_id                             = (known after apply)

      + health_check (known after apply)

      + stickiness (known after apply)

      + target_failover (known after apply)

      + target_group_health (known after apply)

      + target_health_state (known after apply)
    }

  # module.alb.module.alb.aws_security_group.this[0] will be created
  + resource "aws_security_group" "this" {
      + arn                    = (known after apply)
      + description            = "Security group for aws-service-liblib-dev-alb application load balancer"
      + egress                 = (known after apply)
      + id                     = (known after apply)
      + ingress                = (known after apply)
      + name                   = (known after apply)
      + name_prefix            = "aws-service-liblib-dev-alb-"
      + owner_id               = (known after apply)
      + revoke_rules_on_delete = false
      + tags                   = {
          + "terraform-aws-modules" = "alb"
        }
      + tags_all               = {
          + "CostCenter"            = "App-Development"
          + "Environment"           = "Development"
          + "ManagedBy"             = "Terraform"
          + "Owner"                 = "nour1985"
          + "Project"               = "DigitalHall"
          + "Service"               = "NextJS-Portal"
          + "terraform-aws-modules" = "alb"
        }
      + vpc_id                 = (known after apply)
    }

  # module.alb.module.alb.aws_vpc_security_group_egress_rule.this["all"] will be created
  + resource "aws_vpc_security_group_egress_rule" "this" {
      + arn                    = (known after apply)
      + cidr_ipv4              = "0.0.0.0/0"
      + id                     = (known after apply)
      + ip_protocol            = "-1"
      + security_group_id      = (known after apply)
      + security_group_rule_id = (known after apply)
      + tags                   = {
          + "terraform-aws-modules" = "alb"
        }
      + tags_all               = {
          + "CostCenter"            = "App-Development"
          + "Environment"           = "Development"
          + "ManagedBy"             = "Terraform"
          + "Owner"                 = "nour1985"
          + "Project"               = "DigitalHall"
          + "Service"               = "NextJS-Portal"
          + "terraform-aws-modules" = "alb"
        }
    }

  # module.alb.module.alb.aws_vpc_security_group_ingress_rule.this["all_http"] will be created
  + resource "aws_vpc_security_group_ingress_rule" "this" {
      + arn                    = (known after apply)
      + cidr_ipv4              = "0.0.0.0/0"
      + description            = "HTTP web traffic"
      + from_port              = 80
      + id                     = (known after apply)
      + ip_protocol            = "tcp"
      + security_group_id      = (known after apply)
      + security_group_rule_id = (known after apply)
      + tags                   = {
          + "terraform-aws-modules" = "alb"
        }
      + tags_all               = {
          + "CostCenter"            = "App-Development"
          + "Environment"           = "Development"
          + "ManagedBy"             = "Terraform"
          + "Owner"                 = "nour1985"
          + "Project"               = "DigitalHall"
          + "Service"               = "NextJS-Portal"
          + "terraform-aws-modules" = "alb"
        }
      + to_port                = 80
    }

  # module.vpc.module.vpc.aws_default_network_acl.this[0] will be created
  + resource "aws_default_network_acl" "this" {
      + arn                    = (known after apply)
      + default_network_acl_id = (known after apply)
      + id                     = (known after apply)
      + owner_id               = (known after apply)
      + tags                   = {
          + "Environment" = "Development"
          + "Name"        = "aws-service-liblib-dev-vpc-default"
          + "Terraform"   = "true"
        }
      + tags_all               = {
          + "CostCenter"  = "App-Development"
          + "Environment" = "Development"
          + "ManagedBy"   = "Terraform"
          + "Name"        = "aws-service-liblib-dev-vpc-default"
          + "Owner"       = "nour1985"
          + "Project"     = "DigitalHall"
          + "Service"     = "NextJS-Portal"
          + "Terraform"   = "true"
        }
      + vpc_id                 = (known after apply)

      + egress {
          + action          = "allow"
          + from_port       = 0
          + ipv6_cidr_block = "::/0"
          + protocol        = "-1"
          + rule_no         = 101
          + to_port         = 0
            # (1 unchanged attribute hidden)
        }
      + egress {
          + action          = "allow"
          + cidr_block      = "0.0.0.0/0"
          + from_port       = 0
          + protocol        = "-1"
          + rule_no         = 100
          + to_port         = 0
            # (1 unchanged attribute hidden)
        }

      + ingress {
          + action          = "allow"
          + from_port       = 0
          + ipv6_cidr_block = "::/0"
          + protocol        = "-1"
          + rule_no         = 101
          + to_port         = 0
            # (1 unchanged attribute hidden)
        }
      + ingress {
          + action          = "allow"
          + cidr_block      = "0.0.0.0/0"
          + from_port       = 0
          + protocol        = "-1"
          + rule_no         = 100
          + to_port         = 0
            # (1 unchanged attribute hidden)
        }
    }

  # module.vpc.module.vpc.aws_default_route_table.default[0] will be created
  + resource "aws_default_route_table" "default" {
      + arn                    = (known after apply)
      + default_route_table_id = (known after apply)
      + id                     = (known after apply)
      + owner_id               = (known after apply)
      + route                  = (known after apply)
      + tags                   = {
          + "Environment" = "Development"
          + "Name"        = "aws-service-liblib-dev-vpc-default"
          + "Terraform"   = "true"
        }
      + tags_all               = {
          + "CostCenter"  = "App-Development"
          + "Environment" = "Development"
          + "ManagedBy"   = "Terraform"
          + "Name"        = "aws-service-liblib-dev-vpc-default"
          + "Owner"       = "nour1985"
          + "Project"     = "DigitalHall"
          + "Service"     = "NextJS-Portal"
          + "Terraform"   = "true"
        }
      + vpc_id                 = (known after apply)

      + timeouts {
          + create = "5m"
          + update = "5m"
        }
    }

  # module.vpc.module.vpc.aws_default_security_group.this[0] will be created
  + resource "aws_default_security_group" "this" {
      + arn                    = (known after apply)
      + description            = (known after apply)
      + egress                 = (known after apply)
      + id                     = (known after apply)
      + ingress                = (known after apply)
      + name                   = (known after apply)
      + name_prefix            = (known after apply)
      + owner_id               = (known after apply)
      + revoke_rules_on_delete = false
      + tags                   = {
          + "Environment" = "Development"
          + "Name"        = "aws-service-liblib-dev-vpc-default"
          + "Terraform"   = "true"
        }
      + tags_all               = {
          + "CostCenter"  = "App-Development"
          + "Environment" = "Development"
          + "ManagedBy"   = "Terraform"
          + "Name"        = "aws-service-liblib-dev-vpc-default"
          + "Owner"       = "nour1985"
          + "Project"     = "DigitalHall"
          + "Service"     = "NextJS-Portal"
          + "Terraform"   = "true"
        }
      + vpc_id                 = (known after apply)
    }

  # module.vpc.module.vpc.aws_eip.nat[0] will be created
  + resource "aws_eip" "nat" {
      + allocation_id        = (known after apply)
      + arn                  = (known after apply)
      + association_id       = (known after apply)
      + carrier_ip           = (known after apply)
      + customer_owned_ip    = (known after apply)
      + domain               = "vpc"
      + id                   = (known after apply)
      + instance             = (known after apply)
      + ipam_pool_id         = (known after apply)
      + network_border_group = (known after apply)
      + network_interface    = (known after apply)
      + private_dns          = (known after apply)
      + private_ip           = (known after apply)
      + ptr_record           = (known after apply)
      + public_dns           = (known after apply)
      + public_ip            = (known after apply)
      + public_ipv4_pool     = (known after apply)
      + tags                 = {
          + "Environment" = "Development"
          + "Name"        = "aws-service-liblib-dev-vpc-us-east-1a"
          + "Terraform"   = "true"
        }
      + tags_all             = {
          + "CostCenter"  = "App-Development"
          + "Environment" = "Development"
          + "ManagedBy"   = "Terraform"
          + "Name"        = "aws-service-liblib-dev-vpc-us-east-1a"
          + "Owner"       = "nour1985"
          + "Project"     = "DigitalHall"
          + "Service"     = "NextJS-Portal"
          + "Terraform"   = "true"
        }
      + vpc                  = (known after apply)
    }

  # module.vpc.module.vpc.aws_internet_gateway.this[0] will be created
  + resource "aws_internet_gateway" "this" {
      + arn      = (known after apply)
      + id       = (known after apply)
      + owner_id = (known after apply)
      + tags     = {
          + "Environment" = "Development"
          + "Name"        = "aws-service-liblib-dev-vpc"
          + "Terraform"   = "true"
        }
      + tags_all = {
          + "CostCenter"  = "App-Development"
          + "Environment" = "Development"
          + "ManagedBy"   = "Terraform"
          + "Name"        = "aws-service-liblib-dev-vpc"
          + "Owner"       = "nour1985"
          + "Project"     = "DigitalHall"
          + "Service"     = "NextJS-Portal"
          + "Terraform"   = "true"
        }
      + vpc_id   = (known after apply)
    }

  # module.vpc.module.vpc.aws_nat_gateway.this[0] will be created
  + resource "aws_nat_gateway" "this" {
      + allocation_id                      = (known after apply)
      + association_id                     = (known after apply)
      + connectivity_type                  = "public"
      + id                                 = (known after apply)
      + network_interface_id               = (known after apply)
      + private_ip                         = (known after apply)
      + public_ip                          = (known after apply)
      + secondary_private_ip_address_count = (known after apply)
      + secondary_private_ip_addresses     = (known after apply)
      + subnet_id                          = (known after apply)
      + tags                               = {
          + "Environment" = "Development"
          + "Name"        = "aws-service-liblib-dev-vpc-us-east-1a"
          + "Terraform"   = "true"
        }
      + tags_all                           = {
          + "CostCenter"  = "App-Development"
          + "Environment" = "Development"
          + "ManagedBy"   = "Terraform"
          + "Name"        = "aws-service-liblib-dev-vpc-us-east-1a"
          + "Owner"       = "nour1985"
          + "Project"     = "DigitalHall"
          + "Service"     = "NextJS-Portal"
          + "Terraform"   = "true"
        }
    }

  # module.vpc.module.vpc.aws_route.private_nat_gateway[0] will be created
  + resource "aws_route" "private_nat_gateway" {
      + destination_cidr_block = "0.0.0.0/0"
      + id                     = (known after apply)
      + instance_id            = (known after apply)
      + instance_owner_id      = (known after apply)
      + nat_gateway_id         = (known after apply)
      + network_interface_id   = (known after apply)
      + origin                 = (known after apply)
      + route_table_id         = (known after apply)
      + state                  = (known after apply)

      + timeouts {
          + create = "5m"
        }
    }

  # module.vpc.module.vpc.aws_route.public_internet_gateway[0] will be created
  + resource "aws_route" "public_internet_gateway" {
      + destination_cidr_block = "0.0.0.0/0"
      + gateway_id             = (known after apply)
      + id                     = (known after apply)
      + instance_id            = (known after apply)
      + instance_owner_id      = (known after apply)
      + network_interface_id   = (known after apply)
      + origin                 = (known after apply)
      + route_table_id         = (known after apply)
      + state                  = (known after apply)

      + timeouts {
          + create = "5m"
        }
    }

  # module.vpc.module.vpc.aws_route_table.private[0] will be created
  + resource "aws_route_table" "private" {
      + arn              = (known after apply)
      + id               = (known after apply)
      + owner_id         = (known after apply)
      + propagating_vgws = (known after apply)
      + route            = (known after apply)
      + tags             = {
          + "Environment" = "Development"
          + "Name"        = "aws-service-liblib-dev-vpc-private"
          + "Terraform"   = "true"
        }
      + tags_all         = {
          + "CostCenter"  = "App-Development"
          + "Environment" = "Development"
          + "ManagedBy"   = "Terraform"
          + "Name"        = "aws-service-liblib-dev-vpc-private"
          + "Owner"       = "nour1985"
          + "Project"     = "DigitalHall"
          + "Service"     = "NextJS-Portal"
          + "Terraform"   = "true"
        }
      + vpc_id           = (known after apply)
    }

  # module.vpc.module.vpc.aws_route_table.public[0] will be created
  + resource "aws_route_table" "public" {
      + arn              = (known after apply)
      + id               = (known after apply)
      + owner_id         = (known after apply)
      + propagating_vgws = (known after apply)
      + route            = (known after apply)
      + tags             = {
          + "Environment" = "Development"
          + "Name"        = "aws-service-liblib-dev-vpc-public"
          + "Terraform"   = "true"
        }
      + tags_all         = {
          + "CostCenter"  = "App-Development"
          + "Environment" = "Development"
          + "ManagedBy"   = "Terraform"
          + "Name"        = "aws-service-liblib-dev-vpc-public"
          + "Owner"       = "nour1985"
          + "Project"     = "DigitalHall"
          + "Service"     = "NextJS-Portal"
          + "Terraform"   = "true"
        }
      + vpc_id           = (known after apply)
    }

  # module.vpc.module.vpc.aws_route_table_association.private[0] will be created
  + resource "aws_route_table_association" "private" {
      + id             = (known after apply)
      + route_table_id = (known after apply)
      + subnet_id      = (known after apply)
    }

  # module.vpc.module.vpc.aws_route_table_association.private[1] will be created
  + resource "aws_route_table_association" "private" {
      + id             = (known after apply)
      + route_table_id = (known after apply)
      + subnet_id      = (known after apply)
    }

  # module.vpc.module.vpc.aws_route_table_association.public[0] will be created
  + resource "aws_route_table_association" "public" {
      + id             = (known after apply)
      + route_table_id = (known after apply)
      + subnet_id      = (known after apply)
    }

  # module.vpc.module.vpc.aws_route_table_association.public[1] will be created
  + resource "aws_route_table_association" "public" {
      + id             = (known after apply)
      + route_table_id = (known after apply)
      + subnet_id      = (known after apply)
    }

  # module.vpc.module.vpc.aws_subnet.private[0] will be created
  + resource "aws_subnet" "private" {
      + arn                                            = (known after apply)
      + assign_ipv6_address_on_creation                = false
      + availability_zone                              = "us-east-1a"
      + availability_zone_id                           = (known after apply)
      + cidr_block                                     = "10.0.1.0/24"
      + enable_dns64                                   = false
      + enable_resource_name_dns_a_record_on_launch    = false
      + enable_resource_name_dns_aaaa_record_on_launch = false
      + id                                             = (known after apply)
      + ipv6_cidr_block_association_id                 = (known after apply)
      + ipv6_native                                    = false
      + map_public_ip_on_launch                        = false
      + owner_id                                       = (known after apply)
      + private_dns_hostname_type_on_launch            = (known after apply)
      + tags                                           = {
          + "Environment" = "Development"
          + "Name"        = "aws-service-liblib-dev-vpc-private-us-east-1a"
          + "Terraform"   = "true"
        }
      + tags_all                                       = {
          + "CostCenter"  = "App-Development"
          + "Environment" = "Development"
          + "ManagedBy"   = "Terraform"
          + "Name"        = "aws-service-liblib-dev-vpc-private-us-east-1a"
          + "Owner"       = "nour1985"
          + "Project"     = "DigitalHall"
          + "Service"     = "NextJS-Portal"
          + "Terraform"   = "true"
        }
      + vpc_id                                         = (known after apply)
    }

  # module.vpc.module.vpc.aws_subnet.private[1] will be created
  + resource "aws_subnet" "private" {
      + arn                                            = (known after apply)
      + assign_ipv6_address_on_creation                = false
      + availability_zone                              = "us-east-1b"
      + availability_zone_id                           = (known after apply)
      + cidr_block                                     = "10.0.2.0/24"
      + enable_dns64                                   = false
      + enable_resource_name_dns_a_record_on_launch    = false
      + enable_resource_name_dns_aaaa_record_on_launch = false
      + id                                             = (known after apply)
      + ipv6_cidr_block_association_id                 = (known after apply)
      + ipv6_native                                    = false
      + map_public_ip_on_launch                        = false
      + owner_id                                       = (known after apply)
      + private_dns_hostname_type_on_launch            = (known after apply)
      + tags                                           = {
          + "Environment" = "Development"
          + "Name"        = "aws-service-liblib-dev-vpc-private-us-east-1b"
          + "Terraform"   = "true"
        }
      + tags_all                                       = {
          + "CostCenter"  = "App-Development"
          + "Environment" = "Development"
          + "ManagedBy"   = "Terraform"
          + "Name"        = "aws-service-liblib-dev-vpc-private-us-east-1b"
          + "Owner"       = "nour1985"
          + "Project"     = "DigitalHall"
          + "Service"     = "NextJS-Portal"
          + "Terraform"   = "true"
        }
      + vpc_id                                         = (known after apply)
    }

  # module.vpc.module.vpc.aws_subnet.public[0] will be created
  + resource "aws_subnet" "public" {
      + arn                                            = (known after apply)
      + assign_ipv6_address_on_creation                = false
      + availability_zone                              = "us-east-1a"
      + availability_zone_id                           = (known after apply)
      + cidr_block                                     = "10.0.101.0/24"
      + enable_dns64                                   = false
      + enable_resource_name_dns_a_record_on_launch    = false
      + enable_resource_name_dns_aaaa_record_on_launch = false
      + id                                             = (known after apply)
      + ipv6_cidr_block_association_id                 = (known after apply)
      + ipv6_native                                    = false
      + map_public_ip_on_launch                        = false
      + owner_id                                       = (known after apply)
      + private_dns_hostname_type_on_launch            = (known after apply)
      + tags                                           = {
          + "Environment" = "Development"
          + "Name"        = "aws-service-liblib-dev-vpc-public-us-east-1a"
          + "Terraform"   = "true"
        }
      + tags_all                                       = {
          + "CostCenter"  = "App-Development"
          + "Environment" = "Development"
          + "ManagedBy"   = "Terraform"
          + "Name"        = "aws-service-liblib-dev-vpc-public-us-east-1a"
          + "Owner"       = "nour1985"
          + "Project"     = "DigitalHall"
          + "Service"     = "NextJS-Portal"
          + "Terraform"   = "true"
        }
      + vpc_id                                         = (known after apply)
    }

  # module.vpc.module.vpc.aws_subnet.public[1] will be created
  + resource "aws_subnet" "public" {
      + arn                                            = (known after apply)
      + assign_ipv6_address_on_creation                = false
      + availability_zone                              = "us-east-1b"
      + availability_zone_id                           = (known after apply)
      + cidr_block                                     = "10.0.102.0/24"
      + enable_dns64                                   = false
      + enable_resource_name_dns_a_record_on_launch    = false
      + enable_resource_name_dns_aaaa_record_on_launch = false
      + id                                             = (known after apply)
      + ipv6_cidr_block_association_id                 = (known after apply)
      + ipv6_native                                    = false
      + map_public_ip_on_launch                        = false
      + owner_id                                       = (known after apply)
      + private_dns_hostname_type_on_launch            = (known after apply)
      + tags                                           = {
          + "Environment" = "Development"
          + "Name"        = "aws-service-liblib-dev-vpc-public-us-east-1b"
          + "Terraform"   = "true"
        }
      + tags_all                                       = {
          + "CostCenter"  = "App-Development"
          + "Environment" = "Development"
          + "ManagedBy"   = "Terraform"
          + "Name"        = "aws-service-liblib-dev-vpc-public-us-east-1b"
          + "Owner"       = "nour1985"
          + "Project"     = "DigitalHall"
          + "Service"     = "NextJS-Portal"
          + "Terraform"   = "true"
        }
      + vpc_id                                         = (known after apply)
    }

  # module.vpc.module.vpc.aws_vpc.this[0] will be created
  + resource "aws_vpc" "this" {
      + arn                                  = (known after apply)
      + cidr_block                           = "10.0.0.0/16"
      + default_network_acl_id               = (known after apply)
      + default_route_table_id               = (known after apply)
      + default_security_group_id            = (known after apply)
      + dhcp_options_id                      = (known after apply)
      + enable_dns_hostnames                 = true
      + enable_dns_support                   = true
      + enable_network_address_usage_metrics = (known after apply)
      + id                                   = (known after apply)
      + instance_tenancy                     = "default"
      + ipv6_association_id                  = (known after apply)
      + ipv6_cidr_block                      = (known after apply)
      + ipv6_cidr_block_network_border_group = (known after apply)
      + main_route_table_id                  = (known after apply)
      + owner_id                             = (known after apply)
      + tags                                 = {
          + "Environment" = "Development"
          + "Name"        = "aws-service-liblib-dev-vpc"
          + "Terraform"   = "true"
        }
      + tags_all                             = {
          + "CostCenter"  = "App-Development"
          + "Environment" = "Development"
          + "ManagedBy"   = "Terraform"
          + "Name"        = "aws-service-liblib-dev-vpc"
          + "Owner"       = "nour1985"
          + "Project"     = "DigitalHall"
          + "Service"     = "NextJS-Portal"
          + "Terraform"   = "true"
        }
    }

Plan: 42 to add, 0 to change, 0 to destroy.

Changes to Outputs:
  + alb_dns_name        = (known after apply)
  + cli_user_access_key = (known after apply)
  + cli_user_arn        = (known after apply)
  + cli_user_secret_key = (sensitive value)

ÔöÇÔöÇÔöÇÔöÇÔöÇÔöÇÔöÇÔöÇÔöÇÔöÇÔöÇÔöÇÔöÇÔöÇÔöÇÔöÇÔöÇÔöÇÔöÇÔöÇÔöÇÔöÇÔöÇÔöÇÔöÇÔöÇÔöÇÔöÇÔöÇÔöÇÔöÇÔöÇÔöÇÔöÇÔöÇÔöÇÔöÇÔöÇÔöÇÔöÇÔöÇÔöÇÔöÇÔöÇÔöÇÔöÇÔöÇÔöÇÔöÇÔöÇÔöÇÔöÇÔöÇÔöÇÔöÇÔöÇÔöÇÔöÇÔöÇÔöÇÔöÇÔöÇÔöÇÔöÇÔöÇÔöÇÔöÇÔöÇÔöÇÔöÇÔöÇÔöÇÔöÇÔöÇÔöÇÔöÇÔöÇ

Note: You didn't use the -out option to save this plan, so Terraform can't
guarantee to take exactly these actions if you run "terraform apply" now.
